
Microsoft Visual Studio Solution File, Format Version 12.00
# Visual Studio 15
VisualStudioVersion = 15.0.28010.2003
MinimumVisualStudioVersion = 10.0.40219.1
Project("{FAE04EC0-301F-11D3-BF4B-00C04F79EFBC}") = "DevOpsDemo", "DevOpsDemo\DevOpsDemo.csproj", "{BA2A6132-DB17-4AFC-8716-5FA2DCD4E1A5}"
EndProject
Project("{FAE04EC0-301F-11D3-BF4B-00C04F79EFBC}") = "DevOpsDemo.Test", "DevOpsDemo.Test\DevOpsDemo.Test.csproj", "{229C7D62-548E-49EA-A4D8-6CD43DFC046C}"
EndProject
Global
	GlobalSection(SolutionConfigurationPlatforms) = preSolution
		Debug|Any CPU = Debug|Any CPU
		Release|Any CPU = Release|Any CPU
	EndGlobalSection
	GlobalSection(ProjectConfigurationPlatforms) = postSolution
		{BA2A6132-DB17-4AFC-8716-5FA2DCD4E1A5}.Debug|Any CPU.ActiveCfg = Debug|Any CPU
		{BA2A6132-DB17-4AFC-8716-5FA2DCD4E1A5}.Debug|Any CPU.Build.0 = Debug|Any CPU
		{BA2A6132-DB17-4AFC-8716-5FA2DCD4E1A5}.Release|Any CPU.ActiveCfg = Release|Any CPU
		{BA2A6132-DB17-4AFC-8716-5FA2DCD4E1A5}.Release|Any CPU.Build.0 = Release|Any CPU
		{229C7D62-548E-49EA-A4D8-6CD43DFC046C}.Debug|Any CPU.ActiveCfg = Debug|Any CPU
		{229C7D62-548E-49EA-A4D8-6CD43DFC046C}.Debug|Any CPU.Build.0 = Debug|Any CPU
		{229C7D62-548E-49EA-A4D8-6CD43DFC046C}.Release|Any CPU.ActiveCfg = Release|Any CPU
		{229C7D62-548E-49EA-A4D8-6CD43DFC046C}.Release|Any CPU.Build.0 = Release|Any CPU
	EndGlobalSection
	GlobalSection(SolutionProperties) = preSolution
		HideSolutionNode = FALSE
	EndGlobalSection
	GlobalSection(ExtensibilityGlobals) = postSolution
		SolutionGuid = {9BD7542B-8F58-4FF4-ACA2-1A8A68410910}
	EndGlobalSection
EndGlobal
